{
  "requires": true,
  "lockfileVersion": 1,
  "dependencies": {
    "@vue/cli-plugin-vuex": {
      "version": "4.5.13",
      "resolved": "https://registry.nlark.com/@vue/cli-plugin-vuex/download/@vue/cli-plugin-vuex-4.5.13.tgz",
      "integrity": "sha1-mGRti8HmnPbGpsui/tPqzgNWw2A=",
      "dev": true
    }
  }
}
